lockfileVersion: '6.0'

settings:
  autoInstallPeers: true
  excludeLinksFromLockfile: false

dependencies:
  '@atproto/api':
    specifier: ^0.13.35
    version: 0.13.35
  dotenv:
    specifier: ^16.4.7
    version: 16.4.7

devDependencies:
  '@types/node':
    specifier: ^22.10.2
    version: 22.10.2
  typescript:
    specifier: ^5.7.2
    version: 5.7.2

packages:

  /@atproto/api@0.13.35:
    resolution: {integrity: sha512-vsEfBj0C333TLjDppvTdTE0IdKlXuljKSveAeI4PPx/l6eUKNnDTsYxvILtXUVzwUlTDmSRqy5O4Ryh78n1b7g==}
    dependencies:
      '@atproto/common-web': 0.4.0
      '@atproto/lexicon': 0.4.6
      '@atproto/syntax': 0.3.2
      '@atproto/xrpc': 0.6.8
      await-lock: 2.2.2
      multiformats: 9.9.0
      tlds: 1.255.0
      zod: 3.24.1
    dev: false

  /@atproto/common-web@0.4.0:
    resolution: {integrity: sha512-ZYL0P9myHybNgwh/hBY0HaBzqiLR1B5/ie5bJpLQAg0whRzNA28t8/nU2vh99tbsWcAF0LOD29M8++LyENJLNQ==}
    dependencies:
      graphemer: 1.4.0
      multiformats: 9.9.0
      uint8arrays: 3.0.0
      zod: 3.24.1
    dev: false

  /@atproto/lexicon@0.4.6:
    resolution: {integrity: sha512-RbiwXcnTuLp9vQrNoQ7xly8HyifKkovqCYtbfXVwqdylWYKPhmRsYkRfcPNv/lILhT9Lm0GVnxNwGGwvvgIsfA==}
    dependencies:
      '@atproto/common-web': 0.4.0
      '@atproto/syntax': 0.3.2
      iso-datestring-validator: 2.2.2
      multiformats: 9.9.0
      zod: 3.24.1
    dev: false

  /@atproto/syntax@0.3.2:
    resolution: {integrity: sha512-JLMhTbXER1Im98RrozfsLAZARGIAzKCZEm+Inh1IF00XU6tHcoGKS+HOw0Uy4R2r04yvxoFs8fswmwAhmMpMdw==}
    dev: false

  /@atproto/xrpc@0.6.8:
    resolution: {integrity: sha512-+KW0NcwdFyLziccYimX6tPkORiwwxlJPqlkVL9bJyj8nJ0aB8cyqo9HXkziMI+R6ansB1BuWQ0tfdPlLLwrUcA==}
    dependencies:
      '@atproto/lexicon': 0.4.6
      zod: 3.24.1
    dev: false

  /@types/node@22.10.2:
    resolution: {integrity: sha512-Xxr6BBRCAOQixvonOye19wnzyDiUtTeqldOOmj3CkeblonbccA12PFwlufvRdrpjXxqnmUaeiU5EOA+7s5diUQ==}
    dependencies:
      undici-types: 6.20.0
    dev: true

  /await-lock@2.2.2:
    resolution: {integrity: sha512-aDczADvlvTGajTDjcjpJMqRkOF6Qdz3YbPZm/PyW6tKPkx2hlYBzxMhEywM/tU72HrVZjgl5VCdRuMlA7pZ8Gw==}
    dev: false

  /dotenv@16.4.7:
    resolution: {integrity: sha512-47qPchRCykZC03FhkYAhrvwU4xDBFIj1QPqaarj6mdM/hgUzfPHcpkHJOn3mJAufFeeAxAzeGsr5X0M4k6fLZQ==}
    engines: {node: '>=12'}
    dev: false

  /graphemer@1.4.0:
    resolution: {integrity: sha512-EtKwoO6kxCL9WO5xipiHTZlSzBm7WLT627TqC/uVRd0HKmq8NXyebnNYxDoBi7wt8eTWrUrKXCOVaFq9x1kgag==}
    dev: false

  /iso-datestring-validator@2.2.2:
    resolution: {integrity: sha512-yLEMkBbLZTlVQqOnQ4FiMujR6T4DEcCb1xizmvXS+OxuhwcbtynoosRzdMA69zZCShCNAbi+gJ71FxZBBXx1SA==}
    dev: false

  /multiformats@9.9.0:
    resolution: {integrity: sha512-HoMUjhH9T8DDBNT+6xzkrd9ga/XiBI4xLr58LJACwK6G3HTOPeMz4nB4KJs33L2BelrIJa7P0VuNaVF3hMYfjg==}
    dev: false

  /tlds@1.255.0:
    resolution: {integrity: sha512-tcwMRIioTcF/FcxLev8MJWxCp+GUALRhFEqbDoZrnowmKSGqPrl5pqS+Sut2m8BgJ6S4FExCSSpGffZ0Tks6Aw==}
    hasBin: true
    dev: false

  /typescript@5.7.2:
    resolution: {integrity: sha512-i5t66RHxDvVN40HfDd1PsEThGNnlMCMT3jMUuoh9/0TaqWevNontacunWyN02LA9/fIbEWlcHZcgTKb9QoaLfg==}
    engines: {node: '>=14.17'}
    hasBin: true
    dev: true

  /uint8arrays@3.0.0:
    resolution: {integrity: sha512-HRCx0q6O9Bfbp+HHSfQQKD7wU70+lydKVt4EghkdOvlK/NlrF90z+eXV34mUd48rNvVJXwkrMSPpCATkct8fJA==}
    dependencies:
      multiformats: 9.9.0
    dev: false

  /undici-types@6.20.0:
    resolution: {integrity: sha512-Ny6QZ2Nju20vw1SRHe3d9jVu6gJ+4e3+MMpqu7pqE5HT6WsTSlce++GQmK5UXS8mzV8DSYHrQH+Xrf2jVcuKNg==}
    dev: true

  /zod@3.24.1:
    resolution: {integrity: sha512-muH7gBL9sI1nciMZV67X5fTKKBLtwpZ5VBp1vsOQzj1MhrBZ4wlVCm3gedKZWLp0Oyel8sIGfeiz54Su+OVT+A==}
    dev: false
